// !$*UTF8*$!
{
	archiveVersion = 1;
	classes = {
	};
	objectVersion = 55;
	objects = {

/* Begin PBXBuildFile section */
		ADB52DE1286AC06B005BB91C /* EmailValidator.docc in Sources */ = {isa = PBXBuildFile; fileRef = ADB52DE0286AC06B005BB91C /* EmailValidator.docc */; };
		ADB52DE7286AC06B005BB91C /* EmailValidator.framework in Frameworks */ = {isa = PBXBuildFile; fileRef = ADB52DDC286AC06A005BB91C /* EmailValidator.framework */; };
		ADB52DEC286AC06B005BB91C /* EmailValidatorTests.swift in Sources */ = {isa = PBXBuildFile; fileRef = ADB52DEB286AC06B005BB91C /* EmailValidatorTests.swift */; };
		ADB52DED286AC06B005BB91C /* EmailValidator.h in Headers */ = {isa = PBXBuildFile; fileRef = ADB52DDF286AC06A005BB91C /* EmailValidator.h */; settings = {ATTRIBUTES = (Public, ); }; };
/* End PBXBuildFile section */

/* Begin PBXContainerItemProxy section */
		ADB52DE8286AC06B005BB91C /* PBXContainerItemProxy */ = {
			isa = PBXContainerItemProxy;
			containerPortal = ADB52DD3286AC06A005BB91C /* Project object */;
			proxyType = 1;
			remoteGlobalIDString = ADB52DDB286AC06A005BB91C;
			remoteInfo = EmailValidator;
		};
/* End PBXContainerItemProxy section */

/* Begin PBXFileReference section */
		ADB52DDC286AC06A005BB91C /* EmailValidator.framework */ = {isa = PBXFileReference; explicitFileType = wrapper.framework; includeInIndex = 0; path = EmailValidator.framework; sourceTree = BUILT_PRODUCTS_DIR; };
		ADB52DDF286AC06A005BB91C /* EmailValidator.h */ = {isa = PBXFileReference; lastKnownFileType = sourcecode.c.h; path = EmailValidator.h; sourceTree = "<group>"; };
		ADB52DE0286AC06B005BB91C /* EmailValidator.docc */ = {isa = PBXFileReference; lastKnownFileType = folder.documentationcatalog; path = EmailValidator.docc; sourceTree = "<group>"; };
		ADB52DE6286AC06B005BB91C /* EmailValidatorTests.xctest */ = {isa = PBXFileReference; explicitFileType = wrapper.cfbundle; includeInIndex = 0; path = EmailValidatorTests.xctest; sourceTree = BUILT_PRODUCTS_DIR; };
		ADB52DEB286AC06B005BB91C /* EmailValidatorTests.swift */ = {isa = PBXFileReference; lastKnownFileType = sourcecode.swift; path = EmailValidatorTests.swift; sourceTree = "<group>"; };
/* End PBXFileReference section */

/* Begin PBXFrameworksBuildPhase section */
		ADB52DD9286AC06A005BB91C /* Frameworks */ = {
			isa = PBXFrameworksBuildPhase;
			buildActionMask = 2147483647;
			files = (
			);
			runOnlyForDeploymentPostprocessing = 0;
		};
		ADB52DE3286AC06B005BB91C /* Frameworks */ = {
			isa = PBXFrameworksBuildPhase;
			buildActionMask = 2147483647;
			files = (
				ADB52DE7286AC06B005BB91C /* EmailValidator.framework in Frameworks */,
			);
			runOnlyForDeploymentPostprocessing = 0;
		};
/* End PBXFrameworksBuildPhase section */

/* Begin PBXGroup section */
		ADB52DD2286AC06A005BB91C = {
			isa = PBXGroup;
			children = (
				ADB52DDE286AC06A005BB91C /* EmailValidator */,
				ADB52DEA286AC06B005BB91C /* EmailValidatorTests */,
				ADB52DDD286AC06A005BB91C /* Products */,
			);
			sourceTree = "<group>";
		};
		ADB52DDD286AC06A005BB91C /* Products */ = {
			isa = PBXGroup;
			children = (
				ADB52DDC286AC06A005BB91C /* EmailValidator.framework */,
				ADB52DE6286AC06B005BB91C /* EmailValidatorTests.xctest */,
			);
			name = Products;
			sourceTree = "<group>";
		};
		ADB52DDE286AC06A005BB91C /* EmailValidator */ = {
			isa = PBXGroup;
			children = (
				ADB52DDF286AC06A005BB91C /* EmailValidator.h */,
				ADB52DE0286AC06B005BB91C /* EmailValidator.docc */,
			);
			path = EmailValidator;
			sourceTree = "<group>";
		};
		ADB52DEA286AC06B005BB91C /* EmailValidatorTests */ = {
			isa = PBXGroup;
			children = (
				ADB52DEB286AC06B005BB91C /* EmailValidatorTests.swift */,
			);
			path = EmailValidatorTests;
			sourceTree = "<group>";
		};
/* End PBXGroup section */

/* Begin PBXHeadersBuildPhase section */
		ADB52DD7286AC06A005BB91C /* Headers */ = {
			isa = PBXHeadersBuildPhase;
			buildActionMask = 2147483647;
			files = (
				ADB52DED286AC06B005BB91C /* EmailValidator.h in Headers */,
			);
			runOnlyForDeploymentPostprocessing = 0;
		};
/* End PBXHeadersBuildPhase section */

/* Begin PBXNativeTarget section */
		ADB52DDB286AC06A005BB91C /* EmailValidator */ = {
			isa = PBXNativeTarget;
			buildConfigurationList = ADB52DF0286AC06B005BB91C /* Build configuration list for PBXNativeTarget "EmailValidator" */;
			buildPhases = (
				ADB52DD7286AC06A005BB91C /* Headers */,
				ADB52DD8286AC06A005BB91C /* Sources */,
				ADB52DD9286AC06A005BB91C /* Frameworks */,
				ADB52DDA286AC06A005BB91C /* Resources */,
			);
			buildRules = (
			);
			dependencies = (
			);
			name = EmailValidator;
			productName = EmailValidator;
			productReference = ADB52DDC286AC06A005BB91C /* EmailValidator.framework */;
			productType = "com.apple.product-type.framework";
		};
		ADB52DE5286AC06B005BB91C /* EmailValidatorTests */ = {
			isa = PBXNativeTarget;
			buildConfigurationList = ADB52DF3286AC06B005BB91C /* Build configuration list for PBXNativeTarget "EmailValidatorTests" */;
			buildPhases = (
				ADB52DE2286AC06B005BB91C /* Sources */,
				ADB52DE3286AC06B005BB91C /* Frameworks */,
				ADB52DE4286AC06B005BB91C /* Resources */,
			);
			buildRules = (
			);
			dependencies = (
				ADB52DE9286AC06B005BB91C /* PBXTargetDependency */,
			);
			name = EmailValidatorTests;
			productName = EmailValidatorTests;
			productReference = ADB52DE6286AC06B005BB91C /* EmailValidatorTests.xctest */;
			productType = "com.apple.product-type.bundle.unit-test";
		};
/* End PBXNativeTarget section */

/* Begin PBXProject section */
		ADB52DD3286AC06A005BB91C /* Project object */ = {
			isa = PBXProject;
			attributes = {
				BuildIndependentTargetsInParallel = 1;
				LastSwiftUpdateCheck = 1340;
				LastUpgradeCheck = 1340;
				TargetAttributes = {
					ADB52DDB286AC06A005BB91C = {
						CreatedOnToolsVersion = 13.4.1;
					};
					ADB52DE5286AC06B005BB91C = {
						CreatedOnToolsVersion = 13.4.1;
					};
				};
			};
			buildConfigurationList = ADB52DD6286AC06A005BB91C /* Build configuration list for PBXProject "EmailValidator" */;
			compatibilityVersion = "Xcode 13.0";
			developmentRegion = en;
			hasScannedForEncodings = 0;
			knownRegions = (
				en,
				Base,
			);
			mainGroup = ADB52DD2286AC06A005BB91C;
			productRefGroup = ADB52DDD286AC06A005BB91C /* Products */;
			projectDirPath = "";
			projectRoot = "";
			targets = (
				ADB52DDB286AC06A005BB91C /* EmailValidator */,
				ADB52DE5286AC06B005BB91C /* EmailValidatorTests */,
			);
		};
/* End PBXProject section */

/* Begin PBXResourcesBuildPhase section */
		ADB52DDA286AC06A005BB91C /* Resources */ = {
			isa = PBXResourcesBuildPhase;
			buildActionMask = 2147483647;
			files = (
			);
			runOnlyForDeploymentPostprocessing = 0;
		};
		ADB52DE4286AC06B005BB91C /* Resources */ = {
			isa = PBXResourcesBuildPhase;
			buildActionMask = 2147483647;
			files = (
			);
			runOnlyForDeploymentPostprocessing = 0;
		};
/* End PBXResourcesBuildPhase section */

/* Begin PBXSourcesBuildPhase section */
		ADB52DD8286AC06A005BB91C /* Sources */ = {
			isa = PBXSourcesBuildPhase;
			buildActionMask = 2147483647;
			files = (
				ADB52DE1286AC06B005BB91C /* EmailValidator.docc in Sources */,
			);
			runOnlyForDeploymentPostprocessing = 0;
		};
		ADB52DE2286AC06B005BB91C /* Sources */ = {
			isa = PBXSourcesBuildPhase;
			buildActionMask = 2147483647;
			files = (
				ADB52DEC286AC06B005BB91C /* EmailValidatorTests.swift in Sources */,
			);
			runOnlyForDeploymentPostprocessing = 0;
		};
/* End PBXSourcesBuildPhase section */

/* Begin PBXTargetDependency section */
		ADB52DE9286AC06B005BB91C /* PBXTargetDependency */ = {
			isa = PBXTargetDependency;
			target = ADB52DDB286AC06A005BB91C /* EmailValidator */;
			targetProxy = ADB52DE8286AC06B005BB91C /* PBXContainerItemProxy */;
		};
/* End PBXTargetDependency section */

/* Begin XCBuildConfiguration section */
		ADB52DEE286AC06B005BB91C /* Debug */ = {
			isa = XCBuildConfiguration;
			buildSettings = {
				ALWAYS_SEARCH_USER_PATHS = NO;
				CLANG_ANALYZER_NONNULL = YES;
				CLANG_ANALYZER_NUMBER_OBJECT_CONVERSION = YES_AGGRESSIVE;
				CLANG_CXX_LANGUAGE_STANDARD = "gnu++17";
				CLANG_ENABLE_MODULES = YES;
				CLANG_ENABLE_OBJC_ARC = YES;
				CLANG_ENABLE_OBJC_WEAK = YES;
				CLANG_WARN_BLOCK_CAPTURE_AUTORELEASING = YES;
				CLANG_WARN_BOOL_CONVERSION = YES;
				CLANG_WARN_COMMA = YES;
				CLANG_WARN_CONSTANT_CONVERSION = YES;
				CLANG_WARN_DEPRECATED_OBJC_IMPLEMENTATIONS = YES;
				CLANG_WARN_DIRECT_OBJC_ISA_USAGE = YES_ERROR;
				CLANG_WARN_DOCUMENTATION_COMMENTS = YES;
				CLANG_WARN_EMPTY_BODY = YES;
				CLANG_WARN_ENUM_CONVERSION = YES;
				CLANG_WARN_INFINITE_RECURSION = YES;
				CLANG_WARN_INT_CONVERSION = YES;
				CLANG_WARN_NON_LITERAL_NULL_CONVERSION = YES;
				CLANG_WARN_OBJC_IMPLICIT_RETAIN_SELF = YES;
				CLANG_WARN_OBJC_LITERAL_CONVERSION = YES;
				CLANG_WARN_OBJC_ROOT_CLASS = YES_ERROR;
				CLANG_WARN_QUOTED_INCLUDE_IN_FRAMEWORK_HEADER = YES;
				CLANG_WARN_RANGE_LOOP_ANALYSIS = YES;
				CLANG_WARN_STRICT_PROTOTYPES = YES;
				CLANG_WARN_SUSPICIOUS_MOVE = YES;
				CLANG_WARN_UNGUARDED_AVAILABILITY = YES_AGGRESSIVE;
				CLANG_WARN_UNREACHABLE_CODE = YES;
				CLANG_WARN__DUPLICATE_METHOD_MATCH = YES;
				COPY_PHASE_STRIP = NO;
				CURRENT_PROJECT_VERSION = 1;
				DEBUG_INFORMATION_FORMAT = dwarf;
				ENABLE_STRICT_OBJC_MSGSEND = YES;
				ENABLE_TESTABILITY = YES;
				GCC_C_LANGUAGE_STANDARD = gnu11;
				GCC_DYNAMIC_NO_PIC = NO;
				GCC_NO_COMMON_BLOCKS = YES;
				GCC_OPTIMIZATION_LEVEL = 0;
				GCC_PREPROCESSOR_DEFINITIONS = (
					"DEBUG=1",
					"$(inherited)",
				);
				GCC_WARN_64_TO_32_BIT_CONVERSION = YES;
				GCC_WARN_ABOUT_RETURN_TYPE = YES_ERROR;
				GCC_WARN_UNDECLARED_SELECTOR = YES;
				GCC_WARN_UNINITIALIZED_AUTOS = YES_AGGRESSIVE;
				GCC_WARN_UNUSED_FUNCTION = YES;
				GCC_WARN_UNUSED_VARIABLE = YES;
				IPHONEOS_DEPLOYMENT_TARGET = 15.5;
				MTL_ENABLE_DEBUG_INFO = INCLUDE_SOURCE;
				MTL_FAST_MATH = YES;
				ONLY_ACTIVE_ARCH = YES;
				SDKROOT = iphoneos;
				SWIFT_ACTIVE_COMPILATION_CONDITIONS = DEBUG;
				SWIFT_OPTIMIZATION_LEVEL = "-Onone";
				VERSIONING_SYSTEM = "apple-generic";
				VERSION_INFO_PREFIX = "";
			};
			name = Debug;
		};
		ADB52DEF286AC06B005BB91C /* Release */ = {
			isa = XCBuildConfiguration;
			buildSettings = {
				ALWAYS_SEARCH_USER_PATHS = NO;
				CLANG_ANALYZER_NONNULL = YES;
				CLANG_ANALYZER_NUMBER_OBJECT_CONVERSION = YES_AGGRESSIVE;
				CLANG_CXX_LANGUAGE_STANDARD = "gnu++17";
				CLANG_ENABLE_MODULES = YES;
				CLANG_ENABLE_OBJC_ARC = YES;
				CLANG_ENABLE_OBJC_WEAK = YES;
				CLANG_WARN_BLOCK_CAPTURE_AUTORELEASING = YES;
				CLANG_WARN_BOOL_CONVERSION = YES;
				CLANG_WARN_COMMA = YES;
				CLANG_WARN_CONSTANT_CONVERSION = YES;
				CLANG_WARN_DEPRECATED_OBJC_IMPLEMENTATIONS = YES;
				CLANG_WARN_DIRECT_OBJC_ISA_USAGE = YES_ERROR;
				CLANG_WARN_DOCUMENTATION_COMMENTS = YES;
				CLANG_WARN_EMPTY_BODY = YES;
				CLANG_WARN_ENUM_CONVERSION = YES;
				CLANG_WARN_INFINITE_RECURSION = YES;
				CLANG_WARN_INT_CONVERSION = YES;
				CLANG_WARN_NON_LITERAL_NULL_CONVERSION = YES;
				CLANG_WARN_OBJC_IMPLICIT_RETAIN_SELF = YES;
				CLANG_WARN_OBJC_LITERAL_CONVERSION = YES;
				CLANG_WARN_OBJC_ROOT_CLASS = YES_ERROR;
				CLANG_WARN_QUOTED_INCLUDE_IN_FRAMEWORK_HEADER = YES;
				CLANG_WARN_RANGE_LOOP_ANALYSIS = YES;
				CLANG_WARN_STRICT_PROTOTYPES = YES;
				CLANG_WARN_SUSPICIOUS_MOVE = YES;
				CLANG_WARN_UNGUARDED_AVAILABILITY = YES_AGGRESSIVE;
				CLANG_WARN_UNREACHABLE_CODE = YES;
				CLANG_WARN__DUPLICATE_METHOD_MATCH = YES;
				COPY_PHASE_STRIP = NO;
				CURRENT_PROJECT_VERSION = 1;
				DEBUG_INFORMATION_FORMAT = "dwarf-with-dsym";
				ENABLE_NS_ASSERTIONS = NO;
				ENABLE_STRICT_OBJC_MSGSEND = YES;
				GCC_C_LANGUAGE_STANDARD = gnu11;
				GCC_NO_COMMON_BLOCKS = YES;
				GCC_WARN_64_TO_32_BIT_CONVERSION = YES;
				GCC_WARN_ABOUT_RETURN_TYPE = YES_ERROR;
				GCC_WARN_UNDECLARED_SELECTOR = YES;
				GCC_WARN_UNINITIALIZED_AUTOS = YES_AGGRESSIVE;
				GCC_WARN_UNUSED_FUNCTION = YES;
				GCC_WARN_UNUSED_VARIABLE = YES;
				IPHONEOS_DEPLOYMENT_TARGET = 15.5;
				MTL_ENABLE_DEBUG_INFO = NO;
				MTL_FAST_MATH = YES;
				SDKROOT = iphoneos;
				SWIFT_COMPILATION_MODE = wholemodule;
				SWIFT_OPTIMIZATION_LEVEL = "-O";
				VALIDATE_PRODUCT = YES;
				VERSIONING_SYSTEM = "apple-generic";
				VERSION_INFO_PREFIX = "";
			};
			name = Release;
		};
		ADB52DF1286AC06B005BB91C /* Debug */ = {
			isa = XCBuildConfiguration;
			buildSettings = {
				CODE_SIGN_STYLE = Automatic;
				CURRENT_PROJECT_VERSION = 1;
				DEFINES_MODULE = YES;
				DYLIB_COMPATIBILITY_VERSION = 1;
				DYLIB_CURRENT_VERSION = 1;
				DYLIB_INSTALL_NAME_BASE = "@rpath";
				GENERATE_INFOPLIST_FILE = YES;
				INFOPLIST_KEY_NSHumanReadableCopyright = "";
				INSTALL_PATH = "$(LOCAL_LIBRARY_DIR)/Frameworks";
				LD_RUNPATH_SEARCH_PATHS = (
					"$(inherited)",
					"@executable_path/Frameworks",
					"@loader_path/Frameworks",
				);
				MARKETING_VERSION = 1.0;
				PRODUCT_BUNDLE_IDENTIFIER = raguloptisol.EmailValidator;
				PRODUCT_NAME = "$(TARGET_NAME:c99extidentifier)";
				SKIP_INSTALL = YES;
				SWIFT_EMIT_LOC_STRINGS = YES;
				SWIFT_VERSION = 5.0;
				TARGETED_DEVICE_FAMILY = "1,2";
			};
			name = Debug;
		};
		ADB52DF2286AC06B005BB91C /* Release */ = {
			isa = XCBuildConfiguration;
			buildSettings = {
				CODE_SIGN_STYLE = Automatic;
				CURRENT_PROJECT_VERSION = 1;
				DEFINES_MODULE = YES;
				DYLIB_COMPATIBILITY_VERSION = 1;
				DYLIB_CURRENT_VERSION = 1;
				DYLIB_INSTALL_NAME_BASE = "@rpath";
				GENERATE_INFOPLIST_FILE = YES;
				INFOPLIST_KEY_NSHumanReadableCopyright = "";
				INSTALL_PATH = "$(LOCAL_LIBRARY_DIR)/Frameworks";
				LD_RUNPATH_SEARCH_PATHS = (
					"$(inherited)",
					"@executable_path/Frameworks",
					"@loader_path/Frameworks",
				);
				MARKETING_VERSION = 1.0;
				PRODUCT_BUNDLE_IDENTIFIER = raguloptisol.EmailValidator;
				PRODUCT_NAME = "$(TARGET_NAME:c99extidentifier)";
				SKIP_INSTALL = YES;
				SWIFT_EMIT_LOC_STRINGS = YES;
				SWIFT_VERSION = 5.0;
				TARGETED_DEVICE_FAMILY = "1,2";
			};
			name = Release;
		};
		ADB52DF4286AC06B005BB91C /* Debug */ = {
			isa = XCBuildConfiguration;
			buildSettings = {
				CODE_SIGN_STYLE = Automatic;
				CURRENT_PROJECT_VERSION = 1;
				GENERATE_INFOPLIST_FILE = YES;
				MARKETING_VERSION = 1.0;
				PRODUCT_BUNDLE_IDENTIFIER = raguloptisol.EmailValidatorTests;
				PRODUCT_NAME = "$(TARGET_NAME)";
				SWIFT_EMIT_LOC_STRINGS = NO;
				SWIFT_VERSION = 5.0;
				TARGETED_DEVICE_FAMILY = "1,2";
			};
			name = Debug;
		};
		ADB52DF5286AC06B005BB91C /* Release */ = {
			isa = XCBuildConfiguration;
			buildSettings = {
				CODE_SIGN_STYLE = Automatic;
				CURRENT_PROJECT_VERSION = 1;
				GENERATE_INFOPLIST_FILE = YES;
				MARKETING_VERSION = 1.0;
				PRODUCT_BUNDLE_IDENTIFIER = raguloptisol.EmailValidatorTests;
				PRODUCT_NAME = "$(TARGET_NAME)";
				SWIFT_EMIT_LOC_STRINGS = NO;
				SWIFT_VERSION = 5.0;
				TARGETED_DEVICE_FAMILY = "1,2";
			};
			name = Release;
		};
/* End XCBuildConfiguration section */

/* Begin XCConfigurationList section */
		ADB52DD6286AC06A005BB91C /* Build configuration list for PBXProject "EmailValidator" */ = {
			isa = XCConfigurationList;
			buildConfigurations = (
				ADB52DEE286AC06B005BB91C /* Debug */,
				ADB52DEF286AC06B005BB91C /* Release */,
			);
			defaultConfigurationIsVisible = 0;
			defaultConfigurationName = Release;
		};
		ADB52DF0286AC06B005BB91C /* Build configuration list for PBXNativeTarget "EmailValidator" */ = {
			isa = XCConfigurationList;
			buildConfigurations = (
				ADB52DF1286AC06B005BB91C /* Debug */,
				ADB52DF2286AC06B005BB91C /* Release */,
			);
			defaultConfigurationIsVisible = 0;
			defaultConfigurationName = Release;
		};
		ADB52DF3286AC06B005BB91C /* Build configuration list for PBXNativeTarget "EmailValidatorTests" */ = {
			isa = XCConfigurationList;
			buildConfigurations = (
				ADB52DF4286AC06B005BB91C /* Debug */,
				ADB52DF5286AC06B005BB91C /* Release */,
			);
			defaultConfigurationIsVisible = 0;
			defaultConfigurationName = Release;
		};
/* End XCConfigurationList section */
	};
	rootObject = ADB52DD3286AC06A005BB91C /* Project object */;
}
